// !$*UTF8*$!
{
	archiveVersion = 1;
	classes = {
	};
	objectVersion = 55;
	objects = {

/* Begin PBXBuildFile section */
		C60C9AD229DC0BEA00301E86 /* AppDelegate.swift in Sources */ = {isa = PBXBuildFile; fileRef = C60C9AD129DC0BEA00301E86 /* AppDelegate.swift */; };
		C60C9AD429DC0BEA00301E86 /* SceneDelegate.swift in Sources */ = {isa = PBXBuildFile; fileRef = C60C9AD329DC0BEA00301E86 /* SceneDelegate.swift */; };
		C60C9AD629DC0BEA00301E86 /* ViewController.swift in Sources */ = {isa = PBXBuildFile; fileRef = C60C9AD529DC0BEA00301E86 /* ViewController.swift */; };
		C60C9AD929DC0BEA00301E86 /* Main.storyboard in Resources */ = {isa = PBXBuildFile; fileRef = C60C9AD729DC0BEA00301E86 /* Main.storyboard */; };
		C60C9ADB29DC0BEA00301E86 /* Assets.xcassets in Resources */ = {isa = PBXBuildFile; fileRef = C60C9ADA29DC0BEA00301E86 /* Assets.xcassets */; };
		C60C9ADE29DC0BEA00301E86 /* LaunchScreen.storyboard in Resources */ = {isa = PBXBuildFile; fileRef = C60C9ADC29DC0BEA00301E86 /* LaunchScreen.storyboard */; };
		C60C9AE929DC0BEB00301E86 /* Kuchi_CarLoanCalculatorTests.swift in Sources */ = {isa = PBXBuildFile; fileRef = C60C9AE829DC0BEB00301E86 /* Kuchi_CarLoanCalculatorTests.swift */; };
		C60C9AF329DC0BEB00301E86 /* Kuchi_CarLoanCalculatorUITests.swift in Sources */ = {isa = PBXBuildFile; fileRef = C60C9AF229DC0BEB00301E86 /* Kuchi_CarLoanCalculatorUITests.swift */; };
		C60C9AF529DC0BEB00301E86 /* Kuchi_CarLoanCalculatorUITestsLaunchTests.swift in Sources */ = {isa = PBXBuildFile; fileRef = C60C9AF429DC0BEB00301E86 /* Kuchi_CarLoanCalculatorUITestsLaunchTests.swift */; };
		C60C9B0229DC121800301E86 /* ResultViewController.swift in Sources */ = {isa = PBXBuildFile; fileRef = C60C9B0129DC121800301E86 /* ResultViewController.swift */; };
/* End PBXBuildFile section */

/* Begin PBXContainerItemProxy section */
		C60C9AE529DC0BEB00301E86 /* PBXContainerItemProxy */ = {
			isa = PBXContainerItemProxy;
			containerPortal = C60C9AC629DC0BEA00301E86 /* Project object */;
			proxyType = 1;
			remoteGlobalIDString = C60C9ACD29DC0BEA00301E86;
			remoteInfo = Kuchi_CarLoanCalculator;
		};
		C60C9AEF29DC0BEB00301E86 /* PBXContainerItemProxy */ = {
			isa = PBXContainerItemProxy;
			containerPortal = C60C9AC629DC0BEA00301E86 /* Project object */;
			proxyType = 1;
			remoteGlobalIDString = C60C9ACD29DC0BEA00301E86;
			remoteInfo = Kuchi_CarLoanCalculator;
		};
/* End PBXContainerItemProxy section */

/* Begin PBXFileReference section */
		C60C9ACE29DC0BEA00301E86 /* Kuchi_CarLoanCalculator.app */ = {isa = PBXFileReference; explicitFileType = wrapper.application; includeInIndex = 0; path = Kuchi_CarLoanCalculator.app; sourceTree = BUILT_PRODUCTS_DIR; };
		C60C9AD129DC0BEA00301E86 /* AppDelegate.swift */ = {isa = PBXFileReference; lastKnownFileType = sourcecode.swift; path = AppDelegate.swift; sourceTree = "<group>"; };
		C60C9AD329DC0BEA00301E86 /* SceneDelegate.swift */ = {isa = PBXFileReference; lastKnownFileType = sourcecode.swift; path = SceneDelegate.swift; sourceTree = "<group>"; };
		C60C9AD529DC0BEA00301E86 /* ViewController.swift */ = {isa = PBXFileReference; lastKnownFileType = sourcecode.swift; path = ViewController.swift; sourceTree = "<group>"; };
		C60C9AD829DC0BEA00301E86 /* Base */ = {isa = PBXFileReference; lastKnownFileType = file.storyboard; name = Base; path = Base.lproj/Main.storyboard; sourceTree = "<group>"; };
		C60C9ADA29DC0BEA00301E86 /* Assets.xcassets */ = {isa = PBXFileReference; lastKnownFileType = folder.assetcatalog; path = Assets.xcassets; sourceTree = "<group>"; };
		C60C9ADD29DC0BEA00301E86 /* Base */ = {isa = PBXFileReference; lastKnownFileType = file.storyboard; name = Base; path = Base.lproj/LaunchScreen.storyboard; sourceTree = "<group>"; };
		C60C9ADF29DC0BEA00301E86 /* Info.plist */ = {isa = PBXFileReference; lastKnownFileType = text.plist.xml; path = Info.plist; sourceTree = "<group>"; };
		C60C9AE429DC0BEB00301E86 /* Kuchi_CarLoanCalculatorTests.xctest */ = {isa = PBXFileReference; explicitFileType = wrapper.cfbundle; includeInIndex = 0; path = Kuchi_CarLoanCalculatorTests.xctest; sourceTree = BUILT_PRODUCTS_DIR; };
		C60C9AE829DC0BEB00301E86 /* Kuchi_CarLoanCalculatorTests.swift */ = {isa = PBXFileReference; lastKnownFileType = sourcecode.swift; path = Kuchi_CarLoanCalculatorTests.swift; sourceTree = "<group>"; };
		C60C9AEE29DC0BEB00301E86 /* Kuchi_CarLoanCalculatorUITests.xctest */ = {isa = PBXFileReference; explicitFileType = wrapper.cfbundle; includeInIndex = 0; path = Kuchi_CarLoanCalculatorUITests.xctest; sourceTree = BUILT_PRODUCTS_DIR; };
		C60C9AF229DC0BEB00301E86 /* Kuchi_CarLoanCalculatorUITests.swift */ = {isa = PBXFileReference; lastKnownFileType = sourcecode.swift; path = Kuchi_CarLoanCalculatorUITests.swift; sourceTree = "<group>"; };
		C60C9AF429DC0BEB00301E86 /* Kuchi_CarLoanCalculatorUITestsLaunchTests.swift */ = {isa = PBXFileReference; lastKnownFileType = sourcecode.swift; path = Kuchi_CarLoanCalculatorUITestsLaunchTests.swift; sourceTree = "<group>"; };
		C60C9B0129DC121800301E86 /* ResultViewController.swift */ = {isa = PBXFileReference; lastKnownFileType = sourcecode.swift; path = ResultViewController.swift; sourceTree = "<group>"; };
/* End PBXFileReference section */

/* Begin PBXFrameworksBuildPhase section */
		C60C9ACB29DC0BEA00301E86 /* Frameworks */ = {
			isa = PBXFrameworksBuildPhase;
			buildActionMask = 2147483647;
			files = (
			);
			runOnlyForDeploymentPostprocessing = 0;
		};
		C60C9AE129DC0BEB00301E86 /* Frameworks */ = {
			isa = PBXFrameworksBuildPhase;
			buildActionMask = 2147483647;
			files = (
			);
			runOnlyForDeploymentPostprocessing = 0;
		};
		C60C9AEB29DC0BEB00301E86 /* Frameworks */ = {
			isa = PBXFrameworksBuildPhase;
			buildActionMask = 2147483647;
			files = (
			);
			runOnlyForDeploymentPostprocessing = 0;
		};
/* End PBXFrameworksBuildPhase section */

/* Begin PBXGroup section */
		C60C9AC529DC0BEA00301E86 = {
			isa = PBXGroup;
			children = (
				C60C9AD029DC0BEA00301E86 /* Kuchi_CarLoanCalculator */,
				C60C9AE729DC0BEB00301E86 /* Kuchi_CarLoanCalculatorTests */,
				C60C9AF129DC0BEB00301E86 /* Kuchi_CarLoanCalculatorUITests */,
				C60C9ACF29DC0BEA00301E86 /* Products */,
			);
			sourceTree = "<group>";
		};
		C60C9ACF29DC0BEA00301E86 /* Products */ = {
			isa = PBXGroup;
			children = (
				C60C9ACE29DC0BEA00301E86 /* Kuchi_CarLoanCalculator.app */,
				C60C9AE429DC0BEB00301E86 /* Kuchi_CarLoanCalculatorTests.xctest */,
				C60C9AEE29DC0BEB00301E86 /* Kuchi_CarLoanCalculatorUITests.xctest */,
			);
			name = Products;
			sourceTree = "<group>";
		};
		C60C9AD029DC0BEA00301E86 /* Kuchi_CarLoanCalculator */ = {
			isa = PBXGroup;
			children = (
				C60C9AD129DC0BEA00301E86 /* AppDelegate.swift */,
				C60C9AD329DC0BEA00301E86 /* SceneDelegate.swift */,
				C60C9AD529DC0BEA00301E86 /* ViewController.swift */,
				C60C9AD729DC0BEA00301E86 /* Main.storyboard */,
				C60C9ADA29DC0BEA00301E86 /* Assets.xcassets */,
				C60C9ADC29DC0BEA00301E86 /* LaunchScreen.storyboard */,
				C60C9ADF29DC0BEA00301E86 /* Info.plist */,
				C60C9B0129DC121800301E86 /* ResultViewController.swift */,
			);
			path = Kuchi_CarLoanCalculator;
			sourceTree = "<group>";
		};
		C60C9AE729DC0BEB00301E86 /* Kuchi_CarLoanCalculatorTests */ = {
			isa = PBXGroup;
			children = (
				C60C9AE829DC0BEB00301E86 /* Kuchi_CarLoanCalculatorTests.swift */,
			);
			path = Kuchi_CarLoanCalculatorTests;
			sourceTree = "<group>";
		};
		C60C9AF129DC0BEB00301E86 /* Kuchi_CarLoanCalculatorUITests */ = {
			isa = PBXGroup;
			children = (
				C60C9AF229DC0BEB00301E86 /* Kuchi_CarLoanCalculatorUITests.swift */,
				C60C9AF429DC0BEB00301E86 /* Kuchi_CarLoanCalculatorUITestsLaunchTests.swift */,
			);
			path = Kuchi_CarLoanCalculatorUITests;
			sourceTree = "<group>";
		};
/* End PBXGroup section */

/* Begin PBXNativeTarget section */
		C60C9ACD29DC0BEA00301E86 /* Kuchi_CarLoanCalculator */ = {
			isa = PBXNativeTarget;
			buildConfigurationList = C60C9AF829DC0BEB00301E86 /* Build configuration list for PBXNativeTarget "Kuchi_CarLoanCalculator" */;
			buildPhases = (
				C60C9ACA29DC0BEA00301E86 /* Sources */,
				C60C9ACB29DC0BEA00301E86 /* Frameworks */,
				C60C9ACC29DC0BEA00301E86 /* Resources */,
			);
			buildRules = (
			);
			dependencies = (
			);
			name = Kuchi_CarLoanCalculator;
			productName = Kuchi_CarLoanCalculator;
			productReference = C60C9ACE29DC0BEA00301E86 /* Kuchi_CarLoanCalculator.app */;
			productType = "com.apple.product-type.application";
		};
		C60C9AE329DC0BEB00301E86 /* Kuchi_CarLoanCalculatorTests */ = {
			isa = PBXNativeTarget;
			buildConfigurationList = C60C9AFB29DC0BEB00301E86 /* Build configuration list for PBXNativeTarget "Kuchi_CarLoanCalculatorTests" */;
			buildPhases = (
				C60C9AE029DC0BEB00301E86 /* Sources */,
				C60C9AE129DC0BEB00301E86 /* Frameworks */,
				C60C9AE229DC0BEB00301E86 /* Resources */,
			);
			buildRules = (
			);
			dependencies = (
				C60C9AE629DC0BEB00301E86 /* PBXTargetDependency */,
			);
			name = Kuchi_CarLoanCalculatorTests;
			productName = Kuchi_CarLoanCalculatorTests;
			productReference = C60C9AE429DC0BEB00301E86 /* Kuchi_CarLoanCalculatorTests.xctest */;
			productType = "com.apple.product-type.bundle.unit-test";
		};
		C60C9AED29DC0BEB00301E86 /* Kuchi_CarLoanCalculatorUITests */ = {
			isa = PBXNativeTarget;
			buildConfigurationList = C60C9AFE29DC0BEB00301E86 /* Build configuration list for PBXNativeTarget "Kuchi_CarLoanCalculatorUITests" */;
			buildPhases = (
				C60C9AEA29DC0BEB00301E86 /* Sources */,
				C60C9AEB29DC0BEB00301E86 /* Frameworks */,
				C60C9AEC29DC0BEB00301E86 /* Resources */,
			);
			buildRules = (
			);
			dependencies = (
				C60C9AF029DC0BEB00301E86 /* PBXTargetDependency */,
			);
			name = Kuchi_CarLoanCalculatorUITests;
			productName = Kuchi_CarLoanCalculatorUITests;
			productReference = C60C9AEE29DC0BEB00301E86 /* Kuchi_CarLoanCalculatorUITests.xctest */;
			productType = "com.apple.product-type.bundle.ui-testing";
		};
/* End PBXNativeTarget section */

/* Begin PBXProject section */
		C60C9AC629DC0BEA00301E86 /* Project object */ = {
			isa = PBXProject;
			attributes = {
				BuildIndependentTargetsInParallel = 1;
				LastSwiftUpdateCheck = 1420;
				LastUpgradeCheck = 1420;
				TargetAttributes = {
					C60C9ACD29DC0BEA00301E86 = {
						CreatedOnToolsVersion = 14.2;
					};
					C60C9AE329DC0BEB00301E86 = {
						CreatedOnToolsVersion = 14.2;
						TestTargetID = C60C9ACD29DC0BEA00301E86;
					};
					C60C9AED29DC0BEB00301E86 = {
						CreatedOnToolsVersion = 14.2;
						TestTargetID = C60C9ACD29DC0BEA00301E86;
					};
				};
			};
			buildConfigurationList = C60C9AC929DC0BEA00301E86 /* Build configuration list for PBXProject "Kuchi_CarLoanCalculator" */;
			compatibilityVersion = "Xcode 13.0";
			developmentRegion = en;
			hasScannedForEncodings = 0;
			knownRegions = (
				en,
				Base,
			);
			mainGroup = C60C9AC529DC0BEA00301E86;
			productRefGroup = C60C9ACF29DC0BEA00301E86 /* Products */;
			projectDirPath = "";
			projectRoot = "";
			targets = (
				C60C9ACD29DC0BEA00301E86 /* Kuchi_CarLoanCalculator */,
				C60C9AE329DC0BEB00301E86 /* Kuchi_CarLoanCalculatorTests */,
				C60C9AED29DC0BEB00301E86 /* Kuchi_CarLoanCalculatorUITests */,
			);
		};
/* End PBXProject section */

/* Begin PBXResourcesBuildPhase section */
		C60C9ACC29DC0BEA00301E86 /* Resources */ = {
			isa = PBXResourcesBuildPhase;
			buildActionMask = 2147483647;
			files = (
				C60C9ADE29DC0BEA00301E86 /* LaunchScreen.storyboard in Resources */,
				C60C9ADB29DC0BEA00301E86 /* Assets.xcassets in Resources */,
				C60C9AD929DC0BEA00301E86 /* Main.storyboard in Resources */,
			);
			runOnlyForDeploymentPostprocessing = 0;
		};
		C60C9AE229DC0BEB00301E86 /* Resources */ = {
			isa = PBXResourcesBuildPhase;
			buildActionMask = 2147483647;
			files = (
			);
			runOnlyForDeploymentPostprocessing = 0;
		};
		C60C9AEC29DC0BEB00301E86 /* Resources */ = {
			isa = PBXResourcesBuildPhase;
			buildActionMask = 2147483647;
			files = (
			);
			runOnlyForDeploymentPostprocessing = 0;
		};
/* End PBXResourcesBuildPhase section */

/* Begin PBXSourcesBuildPhase section */
		C60C9ACA29DC0BEA00301E86 /* Sources */ = {
			isa = PBXSourcesBuildPhase;
			buildActionMask = 2147483647;
			files = (
				C60C9AD629DC0BEA00301E86 /* ViewController.swift in Sources */,
				C60C9AD229DC0BEA00301E86 /* AppDelegate.swift in Sources */,
				C60C9AD429DC0BEA00301E86 /* SceneDelegate.swift in Sources */,
				C60C9B0229DC121800301E86 /* ResultViewController.swift in Sources */,
			);
			runOnlyForDeploymentPostprocessing = 0;
		};
		C60C9AE029DC0BEB00301E86 /* Sources */ = {
			isa = PBXSourcesBuildPhase;
			buildActionMask = 2147483647;
			files = (
				C60C9AE929DC0BEB00301E86 /* Kuchi_CarLoanCalculatorTests.swift in Sources */,
			);
			runOnlyForDeploymentPostprocessing = 0;
		};
		C60C9AEA29DC0BEB00301E86 /* Sources */ = {
			isa = PBXSourcesBuildPhase;
			buildActionMask = 2147483647;
			files = (
				C60C9AF529DC0BEB00301E86 /* Kuchi_CarLoanCalculatorUITestsLaunchTests.swift in Sources */,
				C60C9AF329DC0BEB00301E86 /* Kuchi_CarLoanCalculatorUITests.swift in Sources */,
			);
			runOnlyForDeploymentPostprocessing = 0;
		};
/* End PBXSourcesBuildPhase section */

/* Begin PBXTargetDependency section */
		C60C9AE629DC0BEB00301E86 /* PBXTargetDependency */ = {
			isa = PBXTargetDependency;
			target = C60C9ACD29DC0BEA00301E86 /* Kuchi_CarLoanCalculator */;
			targetProxy = C60C9AE529DC0BEB00301E86 /* PBXContainerItemProxy */;
		};
		C60C9AF029DC0BEB00301E86 /* PBXTargetDependency */ = {
			isa = PBXTargetDependency;
			target = C60C9ACD29DC0BEA00301E86 /* Kuchi_CarLoanCalculator */;
			targetProxy = C60C9AEF29DC0BEB00301E86 /* PBXContainerItemProxy */;
		};
/* End PBXTargetDependency section */

/* Begin PBXVariantGroup section */
		C60C9AD729DC0BEA00301E86 /* Main.storyboard */ = {
			isa = PBXVariantGroup;
			children = (
				C60C9AD829DC0BEA00301E86 /* Base */,
			);
			name = Main.storyboard;
			sourceTree = "<group>";
		};
		C60C9ADC29DC0BEA00301E86 /* LaunchScreen.storyboard */ = {
			isa = PBXVariantGroup;
			children = (
				C60C9ADD29DC0BEA00301E86 /* Base */,
			);
			name = LaunchScreen.storyboard;
			sourceTree = "<group>";
		};
/* End PBXVariantGroup section */

/* Begin XCBuildConfiguration section */
		C60C9AF629DC0BEB00301E86 /* Debug */ = {
			isa = XCBuildConfiguration;
			buildSettings = {
				ALWAYS_SEARCH_USER_PATHS = NO;
				CLANG_ANALYZER_NONNULL = YES;
				CLANG_ANALYZER_NUMBER_OBJECT_CONVERSION = YES_AGGRESSIVE;
				CLANG_CXX_LANGUAGE_STANDARD = "gnu++20";
				CLANG_ENABLE_MODULES = YES;
				CLANG_ENABLE_OBJC_ARC = YES;
				CLANG_ENABLE_OBJC_WEAK = YES;
				CLANG_WARN_BLOCK_CAPTURE_AUTORELEASING = YES;
				CLANG_WARN_BOOL_CONVERSION = YES;
				CLANG_WARN_COMMA = YES;
				CLANG_WARN_CONSTANT_CONVERSION = YES;
				CLANG_WARN_DEPRECATED_OBJC_IMPLEMENTATIONS = YES;
				CLANG_WARN_DIRECT_OBJC_ISA_USAGE = YES_ERROR;
				CLANG_WARN_DOCUMENTATION_COMMENTS = YES;
				CLANG_WARN_EMPTY_BODY = YES;
				CLANG_WARN_ENUM_CONVERSION = YES;
				CLANG_WARN_INFINITE_RECURSION = YES;
				CLANG_WARN_INT_CONVERSION = YES;
				CLANG_WARN_NON_LITERAL_NULL_CONVERSION = YES;
				CLANG_WARN_OBJC_IMPLICIT_RETAIN_SELF = YES;
				CLANG_WARN_OBJC_LITERAL_CONVERSION = YES;
				CLANG_WARN_OBJC_ROOT_CLASS = YES_ERROR;
				CLANG_WARN_QUOTED_INCLUDE_IN_FRAMEWORK_HEADER = YES;
				CLANG_WARN_RANGE_LOOP_ANALYSIS = YES;
				CLANG_WARN_STRICT_PROTOTYPES = YES;
				CLANG_WARN_SUSPICIOUS_MOVE = YES;
				CLANG_WARN_UNGUARDED_AVAILABILITY = YES_AGGRESSIVE;
				CLANG_WARN_UNREACHABLE_CODE = YES;
				CLANG_WARN__DUPLICATE_METHOD_MATCH = YES;
				COPY_PHASE_STRIP = NO;
				DEBUG_INFORMATION_FORMAT = dwarf;
				ENABLE_STRICT_OBJC_MSGSEND = YES;
				ENABLE_TESTABILITY = YES;
				GCC_C_LANGUAGE_STANDARD = gnu11;
				GCC_DYNAMIC_NO_PIC = NO;
				GCC_NO_COMMON_BLOCKS = YES;
				GCC_OPTIMIZATION_LEVEL = 0;
				GCC_PREPROCESSOR_DEFINITIONS = (
					"DEBUG=1",
					"$(inherited)",
				);
				GCC_WARN_64_TO_32_BIT_CONVERSION = YES;
				GCC_WARN_ABOUT_RETURN_TYPE = YES_ERROR;
				GCC_WARN_UNDECLARED_SELECTOR = YES;
				GCC_WARN_UNINITIALIZED_AUTOS = YES_AGGRESSIVE;
				GCC_WARN_UNUSED_FUNCTION = YES;
				GCC_WARN_UNUSED_VARIABLE = YES;
				IPHONEOS_DEPLOYMENT_TARGET = 16.2;
				MTL_ENABLE_DEBUG_INFO = INCLUDE_SOURCE;
				MTL_FAST_MATH = YES;
				ONLY_ACTIVE_ARCH = YES;
				SDKROOT = iphoneos;
				SWIFT_ACTIVE_COMPILATION_CONDITIONS = DEBUG;
				SWIFT_OPTIMIZATION_LEVEL = "-Onone";
			};
			name = Debug;
		};
		C60C9AF729DC0BEB00301E86 /* Release */ = {
			isa = XCBuildConfiguration;
			buildSettings = {
				ALWAYS_SEARCH_USER_PATHS = NO;
				CLANG_ANALYZER_NONNULL = YES;
				CLANG_ANALYZER_NUMBER_OBJECT_CONVERSION = YES_AGGRESSIVE;
				CLANG_CXX_LANGUAGE_STANDARD = "gnu++20";
				CLANG_ENABLE_MODULES = YES;
				CLANG_ENABLE_OBJC_ARC = YES;
				CLANG_ENABLE_OBJC_WEAK = YES;
				CLANG_WARN_BLOCK_CAPTURE_AUTORELEASING = YES;
				CLANG_WARN_BOOL_CONVERSION = YES;
				CLANG_WARN_COMMA = YES;
				CLANG_WARN_CONSTANT_CONVERSION = YES;
				CLANG_WARN_DEPRECATED_OBJC_IMPLEMENTATIONS = YES;
				CLANG_WARN_DIRECT_OBJC_ISA_USAGE = YES_ERROR;
				CLANG_WARN_DOCUMENTATION_COMMENTS = YES;
				CLANG_WARN_EMPTY_BODY = YES;
				CLANG_WARN_ENUM_CONVERSION = YES;
				CLANG_WARN_INFINITE_RECURSION = YES;
				CLANG_WARN_INT_CONVERSION = YES;
				CLANG_WARN_NON_LITERAL_NULL_CONVERSION = YES;
				CLANG_WARN_OBJC_IMPLICIT_RETAIN_SELF = YES;
				CLANG_WARN_OBJC_LITERAL_CONVERSION = YES;
				CLANG_WARN_OBJC_ROOT_CLASS = YES_ERROR;
				CLANG_WARN_QUOTED_INCLUDE_IN_FRAMEWORK_HEADER = YES;
				CLANG_WARN_RANGE_LOOP_ANALYSIS = YES;
				CLANG_WARN_STRICT_PROTOTYPES = YES;
				CLANG_WARN_SUSPICIOUS_MOVE = YES;
				CLANG_WARN_UNGUARDED_AVAILABILITY = YES_AGGRESSIVE;
				CLANG_WARN_UNREACHABLE_CODE = YES;
				CLANG_WARN__DUPLICATE_METHOD_MATCH = YES;
				COPY_PHASE_STRIP = NO;
				DEBUG_INFORMATION_FORMAT = "dwarf-with-dsym";
				ENABLE_NS_ASSERTIONS = NO;
				ENABLE_STRICT_OBJC_MSGSEND = YES;
				GCC_C_LANGUAGE_STANDARD = gnu11;
				GCC_NO_COMMON_BLOCKS = YES;
				GCC_WARN_64_TO_32_BIT_CONVERSION = YES;
				GCC_WARN_ABOUT_RETURN_TYPE = YES_ERROR;
				GCC_WARN_UNDECLARED_SELECTOR = YES;
				GCC_WARN_UNINITIALIZED_AUTOS = YES_AGGRESSIVE;
				GCC_WARN_UNUSED_FUNCTION = YES;
				GCC_WARN_UNUSED_VARIABLE = YES;
				IPHONEOS_DEPLOYMENT_TARGET = 16.2;
				MTL_ENABLE_DEBUG_INFO = NO;
				MTL_FAST_MATH = YES;
				SDKROOT = iphoneos;
				SWIFT_COMPILATION_MODE = wholemodule;
				SWIFT_OPTIMIZATION_LEVEL = "-O";
				VALIDATE_PRODUCT = YES;
			};
			name = Release;
		};
		C60C9AF929DC0BEB00301E86 /* Debug */ = {
			isa = XCBuildConfiguration;
			buildSettings = {
				ASSETCATALOG_COMPILER_APPICON_NAME = AppIcon;
				ASSETCATALOG_COMPILER_GLOBAL_ACCENT_COLOR_NAME = AccentColor;
				CODE_SIGN_STYLE = Automatic;
				CURRENT_PROJECT_VERSION = 1;
				GENERATE_INFOPLIST_FILE = YES;
				INFOPLIST_FILE = Kuchi_CarLoanCalculator/Info.plist;
				INFOPLIST_KEY_CFBundleDisplayName = CarLoanCalculator;
				INFOPLIST_KEY_UIApplicationSupportsIndirectInputEvents = YES;
				INFOPLIST_KEY_UILaunchStoryboardName = LaunchScreen;
				INFOPLIST_KEY_UIMainStoryboardFile = Main;
				INFOPLIST_KEY_UISupportedInterfaceOrientations_iPad = "UIInterfaceOrientationPortrait UIInterfaceOrientationPortraitUpsideDown UIInterfaceOrientationLandscapeLeft UIInterfaceOrientationLandscapeRight";
				INFOPLIST_KEY_UISupportedInterfaceOrientations_iPhone = "UIInterfaceOrientationPortrait UIInterfaceOrientationLandscapeLeft UIInterfaceOrientationLandscapeRight";
				IPHONEOS_DEPLOYMENT_TARGET = 15.0;
				LD_RUNPATH_SEARCH_PATHS = (
					"$(inherited)",
					"@executable_path/Frameworks",
				);
				MARKETING_VERSION = 1.0;
				PRODUCT_BUNDLE_IDENTIFIER = "nwmsu.Kuchi-CarLoanCalculator";
				PRODUCT_NAME = "$(TARGET_NAME)";
				SWIFT_EMIT_LOC_STRINGS = YES;
				SWIFT_VERSION = 5.0;
				TARGETED_DEVICE_FAMILY = "1,2";
			};
			name = Debug;
		};
		C60C9AFA29DC0BEB00301E86 /* Release */ = {
			isa = XCBuildConfiguration;
			buildSettings = {
				ASSETCATALOG_COMPILER_APPICON_NAME = AppIcon;
				ASSETCATALOG_COMPILER_GLOBAL_ACCENT_COLOR_NAME = AccentColor;
				CODE_SIGN_STYLE = Automatic;
				CURRENT_PROJECT_VERSION = 1;
				GENERATE_INFOPLIST_FILE = YES;
				INFOPLIST_FILE = Kuchi_CarLoanCalculator/Info.plist;
				INFOPLIST_KEY_CFBundleDisplayName = CarLoanCalculator;
				INFOPLIST_KEY_UIApplicationSupportsIndirectInputEvents = YES;
				INFOPLIST_KEY_UILaunchStoryboardName = LaunchScreen;
				INFOPLIST_KEY_UIMainStoryboardFile = Main;
				INFOPLIST_KEY_UISupportedInterfaceOrientations_iPad = "UIInterfaceOrientationPortrait UIInterfaceOrientationPortraitUpsideDown UIInterfaceOrientationLandscapeLeft UIInterfaceOrientationLandscapeRight";
				INFOPLIST_KEY_UISupportedInterfaceOrientations_iPhone = "UIInterfaceOrientationPortrait UIInterfaceOrientationLandscapeLeft UIInterfaceOrientationLandscapeRight";
				IPHONEOS_DEPLOYMENT_TARGET = 15.0;
				LD_RUNPATH_SEARCH_PATHS = (
					"$(inherited)",
					"@executable_path/Frameworks",
				);
				MARKETING_VERSION = 1.0;
				PRODUCT_BUNDLE_IDENTIFIER = "nwmsu.Kuchi-CarLoanCalculator";
				PRODUCT_NAME = "$(TARGET_NAME)";
				SWIFT_EMIT_LOC_STRINGS = YES;
				SWIFT_VERSION = 5.0;
				TARGETED_DEVICE_FAMILY = "1,2";
			};
			name = Release;
		};
		C60C9AFC29DC0BEB00301E86 /* Debug */ = {
			isa = XCBuildConfiguration;
			buildSettings = {
				ALWAYS_EMBED_SWIFT_STANDARD_LIBRARIES = YES;
				BUNDLE_LOADER = "$(TEST_HOST)";
				CODE_SIGN_STYLE = Automatic;
				CURRENT_PROJECT_VERSION = 1;
				GENERATE_INFOPLIST_FILE = YES;
				IPHONEOS_DEPLOYMENT_TARGET = 16.2;
				MARKETING_VERSION = 1.0;
				PRODUCT_BUNDLE_IDENTIFIER = "nwmsu.Kuchi-CarLoanCalculatorTests";
				PRODUCT_NAME = "$(TARGET_NAME)";
				SWIFT_EMIT_LOC_STRINGS = NO;
				SWIFT_VERSION = 5.0;
				TARGETED_DEVICE_FAMILY = "1,2";
				TEST_HOST = "$(BUILT_PRODUCTS_DIR)/Kuchi_CarLoanCalculator.app/$(BUNDLE_EXECUTABLE_FOLDER_PATH)/Kuchi_CarLoanCalculator";
			};
			name = Debug;
		};
		C60C9AFD29DC0BEB00301E86 /* Release */ = {
			isa = XCBuildConfiguration;
			buildSettings = {
				ALWAYS_EMBED_SWIFT_STANDARD_LIBRARIES = YES;
				BUNDLE_LOADER = "$(TEST_HOST)";
				CODE_SIGN_STYLE = Automatic;
				CURRENT_PROJECT_VERSION = 1;
				GENERATE_INFOPLIST_FILE = YES;
				IPHONEOS_DEPLOYMENT_TARGET = 16.2;
				MARKETING_VERSION = 1.0;
				PRODUCT_BUNDLE_IDENTIFIER = "nwmsu.Kuchi-CarLoanCalculatorTests";
				PRODUCT_NAME = "$(TARGET_NAME)";
				SWIFT_EMIT_LOC_STRINGS = NO;
				SWIFT_VERSION = 5.0;
				TARGETED_DEVICE_FAMILY = "1,2";
				TEST_HOST = "$(BUILT_PRODUCTS_DIR)/Kuchi_CarLoanCalculator.app/$(BUNDLE_EXECUTABLE_FOLDER_PATH)/Kuchi_CarLoanCalculator";
			};
			name = Release;
		};
		C60C9AFF29DC0BEB00301E86 /* Debug */ = {
			isa = XCBuildConfiguration;
			buildSettings = {
				ALWAYS_EMBED_SWIFT_STANDARD_LIBRARIES = YES;
				CODE_SIGN_STYLE = Automatic;
				CURRENT_PROJECT_VERSION = 1;
				GENERATE_INFOPLIST_FILE = YES;
				MARKETING_VERSION = 1.0;
				PRODUCT_BUNDLE_IDENTIFIER = "nwmsu.Kuchi-CarLoanCalculatorUITests";
				PRODUCT_NAME = "$(TARGET_NAME)";
				SWIFT_EMIT_LOC_STRINGS = NO;
				SWIFT_VERSION = 5.0;
				TARGETED_DEVICE_FAMILY = "1,2";
				TEST_TARGET_NAME = Kuchi_CarLoanCalculator;
			};
			name = Debug;
		};
		C60C9B0029DC0BEB00301E86 /* Release */ = {
			isa = XCBuildConfiguration;
			buildSettings = {
				ALWAYS_EMBED_SWIFT_STANDARD_LIBRARIES = YES;
				CODE_SIGN_STYLE = Automatic;
				CURRENT_PROJECT_VERSION = 1;
				GENERATE_INFOPLIST_FILE = YES;
				MARKETING_VERSION = 1.0;
				PRODUCT_BUNDLE_IDENTIFIER = "nwmsu.Kuchi-CarLoanCalculatorUITests";
				PRODUCT_NAME = "$(TARGET_NAME)";
				SWIFT_EMIT_LOC_STRINGS = NO;
				SWIFT_VERSION = 5.0;
				TARGETED_DEVICE_FAMILY = "1,2";
				TEST_TARGET_NAME = Kuchi_CarLoanCalculator;
			};
			name = Release;
		};
/* End XCBuildConfiguration section */

/* Begin XCConfigurationList section */
		C60C9AC929DC0BEA00301E86 /* Build configuration list for PBXProject "Kuchi_CarLoanCalculator" */ = {
			isa = XCConfigurationList;
			buildConfigurations = (
				C60C9AF629DC0BEB00301E86 /* Debug */,
				C60C9AF729DC0BEB00301E86 /* Release */,
			);
			defaultConfigurationIsVisible = 0;
			defaultConfigurationName = Release;
		};
		C60C9AF829DC0BEB00301E86 /* Build configuration list for PBXNativeTarget "Kuchi_CarLoanCalculator" */ = {
			isa = XCConfigurationList;
			buildConfigurations = (
				C60C9AF929DC0BEB00301E86 /* Debug */,
				C60C9AFA29DC0BEB00301E86 /* Release */,
			);
			defaultConfigurationIsVisible = 0;
			defaultConfigurationName = Release;
		};
		C60C9AFB29DC0BEB00301E86 /* Build configuration list for PBXNativeTarget "Kuchi_CarLoanCalculatorTests" */ = {
			isa = XCConfigurationList;
			buildConfigurations = (
				C60C9AFC29DC0BEB00301E86 /* Debug */,
				C60C9AFD29DC0BEB00301E86 /* Release */,
			);
			defaultConfigurationIsVisible = 0;
			defaultConfigurationName = Release;
		};
		C60C9AFE29DC0BEB00301E86 /* Build configuration list for PBXNativeTarget "Kuchi_CarLoanCalculatorUITests" */ = {
			isa = XCConfigurationList;
			buildConfigurations = (
				C60C9AFF29DC0BEB00301E86 /* Debug */,
				C60C9B0029DC0BEB00301E86 /* Release */,
			);
			defaultConfigurationIsVisible = 0;
			defaultConfigurationName = Release;
		};
/* End XCConfigurationList section */
	};
	rootObject = C60C9AC629DC0BEA00301E86 /* Project object */;
}
